
Microsoft Visual Studio Solution File, Format Version 12.00
# Visual Studio 15
VisualStudioVersion = 15.0.28307.1169
MinimumVisualStudioVersion = 10.0.40219.1
Project("{FAE04EC0-301F-11D3-BF4B-00C04F79EFBC}") = "AndromedaEngine", "AndromedaEngine\AndromedaEngine.csproj", "{16D0059F-F636-44B1-B83A-5DA5F5197D63}"
EndProject
Global
	GlobalSection(SolutionConfigurationPlatforms) = preSolution
		Debug|Any CPU = Debug|Any CPU
		Release|Any CPU = Release|Any CPU
	EndGlobalSection
	GlobalSection(ProjectConfigurationPlatforms) = postSolution
		{16D0059F-F636-44B1-B83A-5DA5F5197D63}.Debug|Any CPU.ActiveCfg = Debug|Any CPU
		{16D0059F-F636-44B1-B83A-5DA5F5197D63}.Debug|Any CPU.Build.0 = Debug|Any CPU
		{16D0059F-F636-44B1-B83A-5DA5F5197D63}.Release|Any CPU.ActiveCfg = Release|Any CPU
		{16D0059F-F636-44B1-B83A-5DA5F5197D63}.Release|Any CPU.Build.0 = Release|Any CPU
	EndGlobalSection
	GlobalSection(SolutionProperties) = preSolution
		HideSolutionNode = FALSE
	EndGlobalSection
	GlobalSection(ExtensibilityGlobals) = postSolution
		SolutionGuid = {CF7F6126-5560-4248-AE58-9DCFF25411A4}
	EndGlobalSection
EndGlobal
